// !$*UTF8*$!
{
	archiveVersion = 1;
	classes = {
	};
	objectVersion = 50;
	objects = {

/* Begin PBXBuildFile section */
		2D8682F941F8D298A908C41D /* Pods_rx_sign_in_ios.framework in Frameworks */ = {isa = PBXBuildFile; fileRef = 45BCDB5845CC3A274B641402 /* Pods_rx_sign_in_ios.framework */; };
		D2F08AE92263A93D0036849B /* AppDelegate.swift in Sources */ = {isa = PBXBuildFile; fileRef = D2F08AE82263A93D0036849B /* AppDelegate.swift */; };
		D2F08AEB2263A93D0036849B /* ViewController.swift in Sources */ = {isa = PBXBuildFile; fileRef = D2F08AEA2263A93D0036849B /* ViewController.swift */; };
		D2F08AEE2263A93D0036849B /* Main.storyboard in Resources */ = {isa = PBXBuildFile; fileRef = D2F08AEC2263A93D0036849B /* Main.storyboard */; };
		D2F08AF02263A93F0036849B /* Assets.xcassets in Resources */ = {isa = PBXBuildFile; fileRef = D2F08AEF2263A93F0036849B /* Assets.xcassets */; };
		D2F08AF32263A93F0036849B /* LaunchScreen.storyboard in Resources */ = {isa = PBXBuildFile; fileRef = D2F08AF12263A93F0036849B /* LaunchScreen.storyboard */; };
/* End PBXBuildFile section */

/* Begin PBXFileReference section */
		2E778E833894D4A584CBFA8C /* Pods-rx-sign-in-ios.release.xcconfig */ = {isa = PBXFileReference; includeInIndex = 1; lastKnownFileType = text.xcconfig; name = "Pods-rx-sign-in-ios.release.xcconfig"; path = "Target Support Files/Pods-rx-sign-in-ios/Pods-rx-sign-in-ios.release.xcconfig"; sourceTree = "<group>"; };
		45BCDB5845CC3A274B641402 /* Pods_rx_sign_in_ios.framework */ = {isa = PBXFileReference; explicitFileType = wrapper.framework; includeInIndex = 0; path = Pods_rx_sign_in_ios.framework; sourceTree = BUILT_PRODUCTS_DIR; };
		8FF4F3AD439F0B74A1B1C8BF /* Pods-rx-sign-in-ios.debug.xcconfig */ = {isa = PBXFileReference; includeInIndex = 1; lastKnownFileType = text.xcconfig; name = "Pods-rx-sign-in-ios.debug.xcconfig"; path = "Target Support Files/Pods-rx-sign-in-ios/Pods-rx-sign-in-ios.debug.xcconfig"; sourceTree = "<group>"; };
		D2F08AE52263A93D0036849B /* rx-sign-in-ios.app */ = {isa = PBXFileReference; explicitFileType = wrapper.application; includeInIndex = 0; path = "rx-sign-in-ios.app"; sourceTree = BUILT_PRODUCTS_DIR; };
		D2F08AE82263A93D0036849B /* AppDelegate.swift */ = {isa = PBXFileReference; lastKnownFileType = sourcecode.swift; path = AppDelegate.swift; sourceTree = "<group>"; };
		D2F08AEA2263A93D0036849B /* ViewController.swift */ = {isa = PBXFileReference; lastKnownFileType = sourcecode.swift; path = ViewController.swift; sourceTree = "<group>"; };
		D2F08AED2263A93D0036849B /* Base */ = {isa = PBXFileReference; lastKnownFileType = file.storyboard; name = Base; path = Base.lproj/Main.storyboard; sourceTree = "<group>"; };
		D2F08AEF2263A93F0036849B /* Assets.xcassets */ = {isa = PBXFileReference; lastKnownFileType = folder.assetcatalog; path = Assets.xcassets; sourceTree = "<group>"; };
		D2F08AF22263A93F0036849B /* Base */ = {isa = PBXFileReference; lastKnownFileType = file.storyboard; name = Base; path = Base.lproj/LaunchScreen.storyboard; sourceTree = "<group>"; };
		D2F08AF42263A93F0036849B /* Info.plist */ = {isa = PBXFileReference; lastKnownFileType = text.plist.xml; path = Info.plist; sourceTree = "<group>"; };
/* End PBXFileReference section */

/* Begin PBXFrameworksBuildPhase section */
		D2F08AE22263A93D0036849B /* Frameworks */ = {
			isa = PBXFrameworksBuildPhase;
			buildActionMask = 2147483647;
			files = (
				2D8682F941F8D298A908C41D /* Pods_rx_sign_in_ios.framework in Frameworks */,
			);
			runOnlyForDeploymentPostprocessing = 0;
		};
/* End PBXFrameworksBuildPhase section */

/* Begin PBXGroup section */
		71BF1146BF0F46C969A71970 /* Pods */ = {
			isa = PBXGroup;
			children = (
				8FF4F3AD439F0B74A1B1C8BF /* Pods-rx-sign-in-ios.debug.xcconfig */,
				2E778E833894D4A584CBFA8C /* Pods-rx-sign-in-ios.release.xcconfig */,
			);
			name = Pods;
			path = Pods;
			sourceTree = "<group>";
		};
		A37DBB8CA7A5C2E8F5D167C0 /* Frameworks */ = {
			isa = PBXGroup;
			children = (
				45BCDB5845CC3A274B641402 /* Pods_rx_sign_in_ios.framework */,
			);
			name = Frameworks;
			sourceTree = "<group>";
		};
		D2F08ADC2263A93D0036849B = {
			isa = PBXGroup;
			children = (
				D2F08AE72263A93D0036849B /* rx-sign-in-ios */,
				D2F08AE62263A93D0036849B /* Products */,
				71BF1146BF0F46C969A71970 /* Pods */,
				A37DBB8CA7A5C2E8F5D167C0 /* Frameworks */,
			);
			sourceTree = "<group>";
		};
		D2F08AE62263A93D0036849B /* Products */ = {
			isa = PBXGroup;
			children = (
				D2F08AE52263A93D0036849B /* rx-sign-in-ios.app */,
			);
			name = Products;
			sourceTree = "<group>";
		};
		D2F08AE72263A93D0036849B /* rx-sign-in-ios */ = {
			isa = PBXGroup;
			children = (
				D2F08AE82263A93D0036849B /* AppDelegate.swift */,
				D2F08AEA2263A93D0036849B /* ViewController.swift */,
				D2F08AEC2263A93D0036849B /* Main.storyboard */,
				D2F08AEF2263A93F0036849B /* Assets.xcassets */,
				D2F08AF12263A93F0036849B /* LaunchScreen.storyboard */,
				D2F08AF42263A93F0036849B /* Info.plist */,
			);
			path = "rx-sign-in-ios";
			sourceTree = "<group>";
		};
/* End PBXGroup section */

/* Begin PBXNativeTarget section */
		D2F08AE42263A93D0036849B /* rx-sign-in-ios */ = {
			isa = PBXNativeTarget;
			buildConfigurationList = D2F08AF72263A93F0036849B /* Build configuration list for PBXNativeTarget "rx-sign-in-ios" */;
			buildPhases = (
				EEB4EFD6AC826820319E9067 /* [CP] Check Pods Manifest.lock */,
				D2F08AE12263A93D0036849B /* Sources */,
				D2F08AE22263A93D0036849B /* Frameworks */,
				D2F08AE32263A93D0036849B /* Resources */,
				9D60BA12AF76255091C8DD40 /* [CP] Embed Pods Frameworks */,
			);
			buildRules = (
			);
			dependencies = (
			);
			name = "rx-sign-in-ios";
			productName = "rx-sign-in-ios";
			productReference = D2F08AE52263A93D0036849B /* rx-sign-in-ios.app */;
			productType = "com.apple.product-type.application";
		};
/* End PBXNativeTarget section */

/* Begin PBXProject section */
		D2F08ADD2263A93D0036849B /* Project object */ = {
			isa = PBXProject;
			attributes = {
				LastSwiftUpdateCheck = 1020;
				LastUpgradeCheck = 1020;
				ORGANIZATIONNAME = "Ришат Якушев";
				TargetAttributes = {
					D2F08AE42263A93D0036849B = {
						CreatedOnToolsVersion = 10.2;
					};
				};
			};
			buildConfigurationList = D2F08AE02263A93D0036849B /* Build configuration list for PBXProject "rx-sign-in-ios" */;
			compatibilityVersion = "Xcode 9.3";
			developmentRegion = en;
			hasScannedForEncodings = 0;
			knownRegions = (
				en,
				Base,
			);
			mainGroup = D2F08ADC2263A93D0036849B;
			productRefGroup = D2F08AE62263A93D0036849B /* Products */;
			projectDirPath = "";
			projectRoot = "";
			targets = (
				D2F08AE42263A93D0036849B /* rx-sign-in-ios */,
			);
		};
/* End PBXProject section */

/* Begin PBXResourcesBuildPhase section */
		D2F08AE32263A93D0036849B /* Resources */ = {
			isa = PBXResourcesBuildPhase;
			buildActionMask = 2147483647;
			files = (
				D2F08AF32263A93F0036849B /* LaunchScreen.storyboard in Resources */,
				D2F08AF02263A93F0036849B /* Assets.xcassets in Resources */,
				D2F08AEE2263A93D0036849B /* Main.storyboard in Resources */,
			);
			runOnlyForDeploymentPostprocessing = 0;
		};
/* End PBXResourcesBuildPhase section */

/* Begin PBXShellScriptBuildPhase section */
		9D60BA12AF76255091C8DD40 /* [CP] Embed Pods Frameworks */ = {
			isa = PBXShellScriptBuildPhase;
			buildActionMask = 2147483647;
			files = (
			);
			inputFileListPaths = (
			);
			inputPaths = (
				"${PODS_ROOT}/Target Support Files/Pods-rx-sign-in-ios/Pods-rx-sign-in-ios-frameworks.sh",
				"${BUILT_PRODUCTS_DIR}/RxCocoa/RxCocoa.framework",
				"${BUILT_PRODUCTS_DIR}/RxSwift/RxSwift.framework",
				"${BUILT_PRODUCTS_DIR}/SnapKit/SnapKit.framework",
			);
			name = "[CP] Embed Pods Frameworks";
			outputFileListPaths = (
			);
			outputPaths = (
				"${TARGET_BUILD_DIR}/${FRAMEWORKS_FOLDER_PATH}/RxCocoa.framework",
				"${TARGET_BUILD_DIR}/${FRAMEWORKS_FOLDER_PATH}/RxSwift.framework",
				"${TARGET_BUILD_DIR}/${FRAMEWORKS_FOLDER_PATH}/SnapKit.framework",
			);
			runOnlyForDeploymentPostprocessing = 0;
			shellPath = /bin/sh;
			shellScript = "\"${PODS_ROOT}/Target Support Files/Pods-rx-sign-in-ios/Pods-rx-sign-in-ios-frameworks.sh\"\n";
			showEnvVarsInLog = 0;
		};
		EEB4EFD6AC826820319E9067 /* [CP] Check Pods Manifest.lock */ = {
			isa = PBXShellScriptBuildPhase;
			buildActionMask = 2147483647;
			files = (
			);
			inputFileListPaths = (
			);
			inputPaths = (
				"${PODS_PODFILE_DIR_PATH}/Podfile.lock",
				"${PODS_ROOT}/Manifest.lock",
			);
			name = "[CP] Check Pods Manifest.lock";
			outputFileListPaths = (
			);
			outputPaths = (
				"$(DERIVED_FILE_DIR)/Pods-rx-sign-in-ios-checkManifestLockResult.txt",
			);
			runOnlyForDeploymentPostprocessing = 0;
			shellPath = /bin/sh;
			shellScript = "diff \"${PODS_PODFILE_DIR_PATH}/Podfile.lock\" \"${PODS_ROOT}/Manifest.lock\" > /dev/null\nif [ $? != 0 ] ; then\n    # print error to STDERR\n    echo \"error: The sandbox is not in sync with the Podfile.lock. Run 'pod install' or update your CocoaPods installation.\" >&2\n    exit 1\nfi\n# This output is used by Xcode 'outputs' to avoid re-running this script phase.\necho \"SUCCESS\" > \"${SCRIPT_OUTPUT_FILE_0}\"\n";
			showEnvVarsInLog = 0;
		};
/* End PBXShellScriptBuildPhase section */

/* Begin PBXSourcesBuildPhase section */
		D2F08AE12263A93D0036849B /* Sources */ = {
			isa = PBXSourcesBuildPhase;
			buildActionMask = 2147483647;
			files = (
				D2F08AEB2263A93D0036849B /* ViewController.swift in Sources */,
				D2F08AE92263A93D0036849B /* AppDelegate.swift in Sources */,
			);
			runOnlyForDeploymentPostprocessing = 0;
		};
/* End PBXSourcesBuildPhase section */

/* Begin PBXVariantGroup section */
		D2F08AEC2263A93D0036849B /* Main.storyboard */ = {
			isa = PBXVariantGroup;
			children = (
				D2F08AED2263A93D0036849B /* Base */,
			);
			name = Main.storyboard;
			sourceTree = "<group>";
		};
		D2F08AF12263A93F0036849B /* LaunchScreen.storyboard */ = {
			isa = PBXVariantGroup;
			children = (
				D2F08AF22263A93F0036849B /* Base */,
			);
			name = LaunchScreen.storyboard;
			sourceTree = "<group>";
		};
/* End PBXVariantGroup section */

/* Begin XCBuildConfiguration section */
		D2F08AF52263A93F0036849B /* Debug */ = {
			isa = XCBuildConfiguration;
			buildSettings = {
				ALWAYS_SEARCH_USER_PATHS = NO;
				CLANG_ANALYZER_NONNULL = YES;
				CLANG_ANALYZER_NUMBER_OBJECT_CONVERSION = YES_AGGRESSIVE;
				CLANG_CXX_LANGUAGE_STANDARD = "gnu++14";
				CLANG_CXX_LIBRARY = "libc++";
				CLANG_ENABLE_MODULES = YES;
				CLANG_ENABLE_OBJC_ARC = YES;
				CLANG_ENABLE_OBJC_WEAK = YES;
				CLANG_WARN_BLOCK_CAPTURE_AUTORELEASING = YES;
				CLANG_WARN_BOOL_CONVERSION = YES;
				CLANG_WARN_COMMA = YES;
				CLANG_WARN_CONSTANT_CONVERSION = YES;
				CLANG_WARN_DEPRECATED_OBJC_IMPLEMENTATIONS = YES;
				CLANG_WARN_DIRECT_OBJC_ISA_USAGE = YES_ERROR;
				CLANG_WARN_DOCUMENTATION_COMMENTS = YES;
				CLANG_WARN_EMPTY_BODY = YES;
				CLANG_WARN_ENUM_CONVERSION = YES;
				CLANG_WARN_INFINITE_RECURSION = YES;
				CLANG_WARN_INT_CONVERSION = YES;
				CLANG_WARN_NON_LITERAL_NULL_CONVERSION = YES;
				CLANG_WARN_OBJC_IMPLICIT_RETAIN_SELF = YES;
				CLANG_WARN_OBJC_LITERAL_CONVERSION = YES;
				CLANG_WARN_OBJC_ROOT_CLASS = YES_ERROR;
				CLANG_WARN_RANGE_LOOP_ANALYSIS = YES;
				CLANG_WARN_STRICT_PROTOTYPES = YES;
				CLANG_WARN_SUSPICIOUS_MOVE = YES;
				CLANG_WARN_UNGUARDED_AVAILABILITY = YES_AGGRESSIVE;
				CLANG_WARN_UNREACHABLE_CODE = YES;
				CLANG_WARN__DUPLICATE_METHOD_MATCH = YES;
				CODE_SIGN_IDENTITY = "iPhone Developer";
				COPY_PHASE_STRIP = NO;
				DEBUG_INFORMATION_FORMAT = dwarf;
				ENABLE_STRICT_OBJC_MSGSEND = YES;
				ENABLE_TESTABILITY = YES;
				GCC_C_LANGUAGE_STANDARD = gnu11;
				GCC_DYNAMIC_NO_PIC = NO;
				GCC_NO_COMMON_BLOCKS = YES;
				GCC_OPTIMIZATION_LEVEL = 0;
				GCC_PREPROCESSOR_DEFINITIONS = (
					"DEBUG=1",
					"$(inherited)",
				);
				GCC_WARN_64_TO_32_BIT_CONVERSION = YES;
				GCC_WARN_ABOUT_RETURN_TYPE = YES_ERROR;
				GCC_WARN_UNDECLARED_SELECTOR = YES;
				GCC_WARN_UNINITIALIZED_AUTOS = YES_AGGRESSIVE;
				GCC_WARN_UNUSED_FUNCTION = YES;
				GCC_WARN_UNUSED_VARIABLE = YES;
				IPHONEOS_DEPLOYMENT_TARGET = 12.2;
				MTL_ENABLE_DEBUG_INFO = INCLUDE_SOURCE;
				MTL_FAST_MATH = YES;
				ONLY_ACTIVE_ARCH = YES;
				SDKROOT = iphoneos;
				SWIFT_ACTIVE_COMPILATION_CONDITIONS = DEBUG;
				SWIFT_OPTIMIZATION_LEVEL = "-Onone";
			};
			name = Debug;
		};
		D2F08AF62263A93F0036849B /* Release */ = {
			isa = XCBuildConfiguration;
			buildSettings = {
				ALWAYS_SEARCH_USER_PATHS = NO;
				CLANG_ANALYZER_NONNULL = YES;
				CLANG_ANALYZER_NUMBER_OBJECT_CONVERSION = YES_AGGRESSIVE;
				CLANG_CXX_LANGUAGE_STANDARD = "gnu++14";
				CLANG_CXX_LIBRARY = "libc++";
				CLANG_ENABLE_MODULES = YES;
				CLANG_ENABLE_OBJC_ARC = YES;
				CLANG_ENABLE_OBJC_WEAK = YES;
				CLANG_WARN_BLOCK_CAPTURE_AUTORELEASING = YES;
				CLANG_WARN_BOOL_CONVERSION = YES;
				CLANG_WARN_COMMA = YES;
				CLANG_WARN_CONSTANT_CONVERSION = YES;
				CLANG_WARN_DEPRECATED_OBJC_IMPLEMENTATIONS = YES;
				CLANG_WARN_DIRECT_OBJC_ISA_USAGE = YES_ERROR;
				CLANG_WARN_DOCUMENTATION_COMMENTS = YES;
				CLANG_WARN_EMPTY_BODY = YES;
				CLANG_WARN_ENUM_CONVERSION = YES;
				CLANG_WARN_INFINITE_RECURSION = YES;
				CLANG_WARN_INT_CONVERSION = YES;
				CLANG_WARN_NON_LITERAL_NULL_CONVERSION = YES;
				CLANG_WARN_OBJC_IMPLICIT_RETAIN_SELF = YES;
				CLANG_WARN_OBJC_LITERAL_CONVERSION = YES;
				CLANG_WARN_OBJC_ROOT_CLASS = YES_ERROR;
				CLANG_WARN_RANGE_LOOP_ANALYSIS = YES;
				CLANG_WARN_STRICT_PROTOTYPES = YES;
				CLANG_WARN_SUSPICIOUS_MOVE = YES;
				CLANG_WARN_UNGUARDED_AVAILABILITY = YES_AGGRESSIVE;
				CLANG_WARN_UNREACHABLE_CODE = YES;
				CLANG_WARN__DUPLICATE_METHOD_MATCH = YES;
				CODE_SIGN_IDENTITY = "iPhone Developer";
				COPY_PHASE_STRIP = NO;
				DEBUG_INFORMATION_FORMAT = "dwarf-with-dsym";
				ENABLE_NS_ASSERTIONS = NO;
				ENABLE_STRICT_OBJC_MSGSEND = YES;
				GCC_C_LANGUAGE_STANDARD = gnu11;
				GCC_NO_COMMON_BLOCKS = YES;
				GCC_WARN_64_TO_32_BIT_CONVERSION = YES;
				GCC_WARN_ABOUT_RETURN_TYPE = YES_ERROR;
				GCC_WARN_UNDECLARED_SELECTOR = YES;
				GCC_WARN_UNINITIALIZED_AUTOS = YES_AGGRESSIVE;
				GCC_WARN_UNUSED_FUNCTION = YES;
				GCC_WARN_UNUSED_VARIABLE = YES;
				IPHONEOS_DEPLOYMENT_TARGET = 12.2;
				MTL_ENABLE_DEBUG_INFO = NO;
				MTL_FAST_MATH = YES;
				SDKROOT = iphoneos;
				SWIFT_COMPILATION_MODE = wholemodule;
				SWIFT_OPTIMIZATION_LEVEL = "-O";
				VALIDATE_PRODUCT = YES;
			};
			name = Release;
		};
		D2F08AF82263A93F0036849B /* Debug */ = {
			isa = XCBuildConfiguration;
			baseConfigurationReference = 8FF4F3AD439F0B74A1B1C8BF /* Pods-rx-sign-in-ios.debug.xcconfig */;
			buildSettings = {
				ASSETCATALOG_COMPILER_APPICON_NAME = AppIcon;
				CODE_SIGN_STYLE = Automatic;
				DEVELOPMENT_TEAM = Y49MTY8CU2;
				INFOPLIST_FILE = "rx-sign-in-ios/Info.plist";
				LD_RUNPATH_SEARCH_PATHS = (
					"$(inherited)",
					"@executable_path/Frameworks",
				);
				PRODUCT_BUNDLE_IDENTIFIER = "com.flatstack.rx-sign-in-ios";
				PRODUCT_NAME = "$(TARGET_NAME)";
				SWIFT_VERSION = 5.0;
				TARGETED_DEVICE_FAMILY = "1,2";
			};
			name = Debug;
		};
		D2F08AF92263A93F0036849B /* Release */ = {
			isa = XCBuildConfiguration;
			baseConfigurationReference = 2E778E833894D4A584CBFA8C /* Pods-rx-sign-in-ios.release.xcconfig */;
			buildSettings = {
				ASSETCATALOG_COMPILER_APPICON_NAME = AppIcon;
				CODE_SIGN_STYLE = Automatic;
				DEVELOPMENT_TEAM = Y49MTY8CU2;
				INFOPLIST_FILE = "rx-sign-in-ios/Info.plist";
				LD_RUNPATH_SEARCH_PATHS = (
					"$(inherited)",
					"@executable_path/Frameworks",
				);
				PRODUCT_BUNDLE_IDENTIFIER = "com.flatstack.rx-sign-in-ios";
				PRODUCT_NAME = "$(TARGET_NAME)";
				SWIFT_VERSION = 5.0;
				TARGETED_DEVICE_FAMILY = "1,2";
			};
			name = Release;
		};
/* End XCBuildConfiguration section */

/* Begin XCConfigurationList section */
		D2F08AE02263A93D0036849B /* Build configuration list for PBXProject "rx-sign-in-ios" */ = {
			isa = XCConfigurationList;
			buildConfigurations = (
				D2F08AF52263A93F0036849B /* Debug */,
				D2F08AF62263A93F0036849B /* Release */,
			);
			defaultConfigurationIsVisible = 0;
			defaultConfigurationName = Release;
		};
		D2F08AF72263A93F0036849B /* Build configuration list for PBXNativeTarget "rx-sign-in-ios" */ = {
			isa = XCConfigurationList;
			buildConfigurations = (
				D2F08AF82263A93F0036849B /* Debug */,
				D2F08AF92263A93F0036849B /* Release */,
			);
			defaultConfigurationIsVisible = 0;
			defaultConfigurationName = Release;
		};
/* End XCConfigurationList section */
	};
	rootObject = D2F08ADD2263A93D0036849B /* Project object */;
}
